{
  "requires": true,
  "lockfileVersion": 1,
  "dependencies": {
    "ramda": {
      "version": "0.25.0",
      "resolved": "https://registry.npmjs.org/ramda/-/ramda-0.25.0.tgz",
      "integrity": "sha512-GXpfrYVPwx3K7RQ6aYT8KPS8XViSXUVJT1ONhoKPE9VAleW42YE+U+8VEyGWt41EnEQW7gwecYJriTI0pKoecQ=="
    },
    "redux-forms": {
      "version": "1.0.0-3",
      "resolved": "https://registry.npmjs.org/redux-forms/-/redux-forms-1.0.0-3.tgz",
      "integrity": "sha512-ImAgpLghEZ7BvLWfr5CI2MXzAn8X5AsoEqsXPH3qN3aIxE6hAxeYPcYCPq/a01qoD+PAhc+FVhve/DQFupu7bg==",
      "requires": {
        "ramda": "^0.25.0"
      }
    }
  }
}
